
Microsoft Visual Studio Solution File, Format Version 12.00
# Visual Studio 15
VisualStudioVersion = 15.0.26430.16
MinimumVisualStudioVersion = 10.0.40219.1
Project("{FAE04EC0-301F-11D3-BF4B-00C04F79EFBC}") = "RegistrationPipeline", "RegistrationPipeline\RegistrationPipeline.csproj", "{6A0F51B4-8FB7-4EFB-AEC9-CDF48011A877}"
EndProject
Project("{FAE04EC0-301F-11D3-BF4B-00C04F79EFBC}") = "RegistrationEventHandlers", "RegistrationHandlers\RegistrationEventHandlers.csproj", "{A3F74D02-E88E-482F-9C02-6ECB3E746F83}"
EndProject
Project("{FAE04EC0-301F-11D3-BF4B-00C04F79EFBC}") = "Start", "Start\Start.csproj", "{2ABDE97E-0E6D-45EF-9271-6B57CDBE481B}"
EndProject
Global
	GlobalSection(SolutionConfigurationPlatforms) = preSolution
		Debug|Any CPU = Debug|Any CPU
		Release|Any CPU = Release|Any CPU
	EndGlobalSection
	GlobalSection(ProjectConfigurationPlatforms) = postSolution
		{6A0F51B4-8FB7-4EFB-AEC9-CDF48011A877}.Debug|Any CPU.ActiveCfg = Debug|Any CPU
		{6A0F51B4-8FB7-4EFB-AEC9-CDF48011A877}.Debug|Any CPU.Build.0 = Debug|Any CPU
		{6A0F51B4-8FB7-4EFB-AEC9-CDF48011A877}.Release|Any CPU.ActiveCfg = Release|Any CPU
		{6A0F51B4-8FB7-4EFB-AEC9-CDF48011A877}.Release|Any CPU.Build.0 = Release|Any CPU
		{A3F74D02-E88E-482F-9C02-6ECB3E746F83}.Debug|Any CPU.ActiveCfg = Debug|Any CPU
		{A3F74D02-E88E-482F-9C02-6ECB3E746F83}.Debug|Any CPU.Build.0 = Debug|Any CPU
		{A3F74D02-E88E-482F-9C02-6ECB3E746F83}.Release|Any CPU.ActiveCfg = Release|Any CPU
		{A3F74D02-E88E-482F-9C02-6ECB3E746F83}.Release|Any CPU.Build.0 = Release|Any CPU
		{2ABDE97E-0E6D-45EF-9271-6B57CDBE481B}.Debug|Any CPU.ActiveCfg = Debug|Any CPU
		{2ABDE97E-0E6D-45EF-9271-6B57CDBE481B}.Debug|Any CPU.Build.0 = Debug|Any CPU
		{2ABDE97E-0E6D-45EF-9271-6B57CDBE481B}.Release|Any CPU.ActiveCfg = Release|Any CPU
		{2ABDE97E-0E6D-45EF-9271-6B57CDBE481B}.Release|Any CPU.Build.0 = Release|Any CPU
	EndGlobalSection
	GlobalSection(SolutionProperties) = preSolution
		HideSolutionNode = FALSE
	EndGlobalSection
EndGlobal
